
Microsoft Visual Studio Solution File, Format Version 12.00
# Visual Studio Version 17
VisualStudioVersion = 17.2.32516.85
MinimumVisualStudioVersion = 10.0.40219.1
Project("{2150E333-8FDC-42A3-9474-1A3956D46DE8}") = "Domain", "Domain", "{013D16D4-3627-42E6-B0C8-6DA613B1E6DF}"
EndProject
Project("{2150E333-8FDC-42A3-9474-1A3956D46DE8}") = "Web", "Web", "{73B9234B-47CF-4B92-87C6-1FFB71BE68EC}"
EndProject
Project("{2150E333-8FDC-42A3-9474-1A3956D46DE8}") = "Infrastructure", "Infrastructure", "{62D277ED-46CE-4F62-979E-5CEB25467D36}"
EndProject
Project("{9A19103F-16F7-4668-BE54-9A1E7A4F7556}") = "Infrastructure.Data", "..\Infrastructure\Infrastructure.Data.csproj", "{EECAFA9A-4660-4A2F-BF3A-692753F7D717}"
EndProject
Project("{9A19103F-16F7-4668-BE54-9A1E7A4F7556}") = "Infrastructure.Common", "..\Common\Infrastructure.Common.csproj", "{EF4E37CD-367E-4BB1-9BAB-8AF101BFF526}"
EndProject
Project("{2150E333-8FDC-42A3-9474-1A3956D46DE8}") = "Core", "Core", "{2F77FAA9-1230-4531-9D46-3F53CDF498C1}"
EndProject
Project("{9A19103F-16F7-4668-BE54-9A1E7A4F7556}") = "Core", "..\Core\Core.csproj", "{8EA8746A-85A9-4DB5-9530-F1179E47E390}"
EndProject
Project("{2150E333-8FDC-42A3-9474-1A3956D46DE8}") = "src", "src", "{4A2DE8A1-6239-45F3-B31E-19013AE51339}"
EndProject
Project("{9A19103F-16F7-4668-BE54-9A1E7A4F7556}") = "OutgoingContext.Product", "OutgoingContext.Food\OutgoingContext.Product.csproj", "{2770F577-AD15-4A4C-AE08-B58274099067}"
EndProject
Project("{2150E333-8FDC-42A3-9474-1A3956D46DE8}") = "Jobs", "Jobs", "{4C66C630-A31B-4E03-81FB-0E78DD6631A8}"
EndProject
Project("{2150E333-8FDC-42A3-9474-1A3956D46DE8}") = "EventEngine", "EventEngine", "{4DBEECFC-FA25-472A-90EA-A235A37E2810}"
EndProject
Project("{9A19103F-16F7-4668-BE54-9A1E7A4F7556}") = "WebApi", "WebApi\WebApi.csproj", "{747B1EE5-3418-48E9-914A-369E832CE29B}"
EndProject
Project("{2150E333-8FDC-42A3-9474-1A3956D46DE8}") = "Api", "Api", "{F653E485-06C8-4A54-8109-BF330854BCE4}"
EndProject
Global
	GlobalSection(SolutionConfigurationPlatforms) = preSolution
		Debug|Any CPU = Debug|Any CPU
		Release|Any CPU = Release|Any CPU
	EndGlobalSection
	GlobalSection(ProjectConfigurationPlatforms) = postSolution
		{EECAFA9A-4660-4A2F-BF3A-692753F7D717}.Debug|Any CPU.ActiveCfg = Debug|Any CPU
		{EECAFA9A-4660-4A2F-BF3A-692753F7D717}.Debug|Any CPU.Build.0 = Debug|Any CPU
		{EECAFA9A-4660-4A2F-BF3A-692753F7D717}.Release|Any CPU.ActiveCfg = Release|Any CPU
		{EECAFA9A-4660-4A2F-BF3A-692753F7D717}.Release|Any CPU.Build.0 = Release|Any CPU
		{EF4E37CD-367E-4BB1-9BAB-8AF101BFF526}.Debug|Any CPU.ActiveCfg = Debug|Any CPU
		{EF4E37CD-367E-4BB1-9BAB-8AF101BFF526}.Debug|Any CPU.Build.0 = Debug|Any CPU
		{EF4E37CD-367E-4BB1-9BAB-8AF101BFF526}.Release|Any CPU.ActiveCfg = Release|Any CPU
		{EF4E37CD-367E-4BB1-9BAB-8AF101BFF526}.Release|Any CPU.Build.0 = Release|Any CPU
		{8EA8746A-85A9-4DB5-9530-F1179E47E390}.Debug|Any CPU.ActiveCfg = Debug|Any CPU
		{8EA8746A-85A9-4DB5-9530-F1179E47E390}.Debug|Any CPU.Build.0 = Debug|Any CPU
		{8EA8746A-85A9-4DB5-9530-F1179E47E390}.Release|Any CPU.ActiveCfg = Release|Any CPU
		{8EA8746A-85A9-4DB5-9530-F1179E47E390}.Release|Any CPU.Build.0 = Release|Any CPU
		{2770F577-AD15-4A4C-AE08-B58274099067}.Debug|Any CPU.ActiveCfg = Debug|Any CPU
		{2770F577-AD15-4A4C-AE08-B58274099067}.Debug|Any CPU.Build.0 = Debug|Any CPU
		{2770F577-AD15-4A4C-AE08-B58274099067}.Release|Any CPU.ActiveCfg = Release|Any CPU
		{2770F577-AD15-4A4C-AE08-B58274099067}.Release|Any CPU.Build.0 = Release|Any CPU
		{747B1EE5-3418-48E9-914A-369E832CE29B}.Debug|Any CPU.ActiveCfg = Debug|Any CPU
		{747B1EE5-3418-48E9-914A-369E832CE29B}.Debug|Any CPU.Build.0 = Debug|Any CPU
		{747B1EE5-3418-48E9-914A-369E832CE29B}.Release|Any CPU.ActiveCfg = Release|Any CPU
		{747B1EE5-3418-48E9-914A-369E832CE29B}.Release|Any CPU.Build.0 = Release|Any CPU
	EndGlobalSection
	GlobalSection(SolutionProperties) = preSolution
		HideSolutionNode = FALSE
	EndGlobalSection
	GlobalSection(NestedProjects) = preSolution
		{013D16D4-3627-42E6-B0C8-6DA613B1E6DF} = {4A2DE8A1-6239-45F3-B31E-19013AE51339}
		{73B9234B-47CF-4B92-87C6-1FFB71BE68EC} = {4C66C630-A31B-4E03-81FB-0E78DD6631A8}
		{62D277ED-46CE-4F62-979E-5CEB25467D36} = {4A2DE8A1-6239-45F3-B31E-19013AE51339}
		{EECAFA9A-4660-4A2F-BF3A-692753F7D717} = {62D277ED-46CE-4F62-979E-5CEB25467D36}
		{EF4E37CD-367E-4BB1-9BAB-8AF101BFF526} = {62D277ED-46CE-4F62-979E-5CEB25467D36}
		{2F77FAA9-1230-4531-9D46-3F53CDF498C1} = {4A2DE8A1-6239-45F3-B31E-19013AE51339}
		{8EA8746A-85A9-4DB5-9530-F1179E47E390} = {2F77FAA9-1230-4531-9D46-3F53CDF498C1}
		{2770F577-AD15-4A4C-AE08-B58274099067} = {013D16D4-3627-42E6-B0C8-6DA613B1E6DF}
		{4C66C630-A31B-4E03-81FB-0E78DD6631A8} = {62D277ED-46CE-4F62-979E-5CEB25467D36}
		{4DBEECFC-FA25-472A-90EA-A235A37E2810} = {4C66C630-A31B-4E03-81FB-0E78DD6631A8}
		{747B1EE5-3418-48E9-914A-369E832CE29B} = {F653E485-06C8-4A54-8109-BF330854BCE4}
		{F653E485-06C8-4A54-8109-BF330854BCE4} = {73B9234B-47CF-4B92-87C6-1FFB71BE68EC}
	EndGlobalSection
	GlobalSection(ExtensibilityGlobals) = postSolution
		SolutionGuid = {23340C6D-0D02-4CCE-903B-C59D11399958}
	EndGlobalSection
EndGlobal
